
Microsoft Visual Studio Solution File, Format Version 12.00
# Visual Studio 15
VisualStudioVersion = 15.0.28010.2003
MinimumVisualStudioVersion = 10.0.40219.1
Project("{9A19103F-16F7-4668-BE54-9A1E7A4F7556}") = "DnnSummit", "src\DnnSummit\DnnSummit.csproj", "{CDE4CCF1-A81F-4D6C-A10F-04E1D0AA106F}"
EndProject
Project("{FAE04EC0-301F-11D3-BF4B-00C04F79EFBC}") = "DnnSummit.UWP", "src\DnnSummit.UWP\DnnSummit.UWP.csproj", "{3E50DC06-EE8B-4857-9ECE-AE6FCB7C16CE}"
EndProject
Project("{FAE04EC0-301F-11D3-BF4B-00C04F79EFBC}") = "DnnSummit.iOS", "src\DnnSummit.iOS\DnnSummit.iOS.csproj", "{A5B53322-3475-4776-8502-AE9B695319AE}"
EndProject
Project("{FAE04EC0-301F-11D3-BF4B-00C04F79EFBC}") = "DnnSummit.Android", "src\DnnSummit.Android\DnnSummit.Android.csproj", "{8A148742-7E2B-47B0-82A4-5FED858C254B}"
EndProject
Project("{9A19103F-16F7-4668-BE54-9A1E7A4F7556}") = "DnnSummit.Data", "src\DnnSummit.Data\DnnSummit.Data.csproj", "{9488E271-FF41-4039-96A7-4BC86E5B53B4}"
EndProject
Project("{2150E333-8FDC-42A3-9474-1A3956D46DE8}") = "Solution Items", "Solution Items", "{A8BAAD7C-BF1B-4839-8CAB-460D4B3EC956}"
	ProjectSection(SolutionItems) = preProject
		azure-pipelines.yml = azure-pipelines.yml
	EndProjectSection
EndProject
Global
	GlobalSection(SolutionConfigurationPlatforms) = preSolution
		Ad-Hoc|Any CPU = Ad-Hoc|Any CPU
		Ad-Hoc|ARM = Ad-Hoc|ARM
		Ad-Hoc|iPhone = Ad-Hoc|iPhone
		Ad-Hoc|iPhoneSimulator = Ad-Hoc|iPhoneSimulator
		Ad-Hoc|x64 = Ad-Hoc|x64
		Ad-Hoc|x86 = Ad-Hoc|x86
		AppStore|Any CPU = AppStore|Any CPU
		AppStore|ARM = AppStore|ARM
		AppStore|iPhone = AppStore|iPhone
		AppStore|iPhoneSimulator = AppStore|iPhoneSimulator
		AppStore|x64 = AppStore|x64
		AppStore|x86 = AppStore|x86
		Debug|Any CPU = Debug|Any CPU
		Debug|ARM = Debug|ARM
		Debug|iPhone = Debug|iPhone
		Debug|iPhoneSimulator = Debug|iPhoneSimulator
		Debug|x64 = Debug|x64
		Debug|x86 = Debug|x86
		Release|Any CPU = Release|Any CPU
		Release|ARM = Release|ARM
		Release|iPhone = Release|iPhone
		Release|iPhoneSimulator = Release|iPhoneSimulator
		Release|x64 = Release|x64
		Release|x86 = Release|x86
	EndGlobalSection
	GlobalSection(ProjectConfigurationPlatforms) = postSolution
		{CDE4CCF1-A81F-4D6C-A10F-04E1D0AA106F}.Ad-Hoc|Any CPU.ActiveCfg = Debug|Any CPU
		{CDE4CCF1-A81F-4D6C-A10F-04E1D0AA106F}.Ad-Hoc|Any CPU.Build.0 = Debug|Any CPU
		{CDE4CCF1-A81F-4D6C-A10F-04E1D0AA106F}.Ad-Hoc|ARM.ActiveCfg = Debug|Any CPU
		{CDE4CCF1-A81F-4D6C-A10F-04E1D0AA106F}.Ad-Hoc|ARM.Build.0 = Debug|Any CPU
		{CDE4CCF1-A81F-4D6C-A10F-04E1D0AA106F}.Ad-Hoc|iPhone.ActiveCfg = Debug|Any CPU
		{CDE4CCF1-A81F-4D6C-A10F-04E1D0AA106F}.Ad-Hoc|iPhone.Build.0 = Debug|Any CPU
		{CDE4CCF1-A81F-4D6C-A10F-04E1D0AA106F}.Ad-Hoc|iPhoneSimulator.ActiveCfg = Debug|Any CPU
		{CDE4CCF1-A81F-4D6C-A10F-04E1D0AA106F}.Ad-Hoc|iPhoneSimulator.Build.0 = Debug|Any CPU
		{CDE4CCF1-A81F-4D6C-A10F-04E1D0AA106F}.Ad-Hoc|x64.ActiveCfg = Debug|Any CPU
		{CDE4CCF1-A81F-4D6C-A10F-04E1D0AA106F}.Ad-Hoc|x64.Build.0 = Debug|Any CPU
		{CDE4CCF1-A81F-4D6C-A10F-04E1D0AA106F}.Ad-Hoc|x86.ActiveCfg = Debug|Any CPU
		{CDE4CCF1-A81F-4D6C-A10F-04E1D0AA106F}.Ad-Hoc|x86.Build.0 = Debug|Any CPU
		{CDE4CCF1-A81F-4D6C-A10F-04E1D0AA106F}.AppStore|Any CPU.ActiveCfg = Debug|Any CPU
		{CDE4CCF1-A81F-4D6C-A10F-04E1D0AA106F}.AppStore|Any CPU.Build.0 = Debug|Any CPU
		{CDE4CCF1-A81F-4D6C-A10F-04E1D0AA106F}.AppStore|ARM.ActiveCfg = Debug|Any CPU
		{CDE4CCF1-A81F-4D6C-A10F-04E1D0AA106F}.AppStore|ARM.Build.0 = Debug|Any CPU
		{CDE4CCF1-A81F-4D6C-A10F-04E1D0AA106F}.AppStore|iPhone.ActiveCfg = Debug|Any CPU
		{CDE4CCF1-A81F-4D6C-A10F-04E1D0AA106F}.AppStore|iPhone.Build.0 = Debug|Any CPU
		{CDE4CCF1-A81F-4D6C-A10F-04E1D0AA106F}.AppStore|iPhoneSimulator.ActiveCfg = Debug|Any CPU
		{CDE4CCF1-A81F-4D6C-A10F-04E1D0AA106F}.AppStore|iPhoneSimulator.Build.0 = Debug|Any CPU
		{CDE4CCF1-A81F-4D6C-A10F-04E1D0AA106F}.AppStore|x64.ActiveCfg = Debug|Any CPU
		{CDE4CCF1-A81F-4D6C-A10F-04E1D0AA106F}.AppStore|x64.Build.0 = Debug|Any CPU
		{CDE4CCF1-A81F-4D6C-A10F-04E1D0AA106F}.AppStore|x86.ActiveCfg = Debug|Any CPU
		{CDE4CCF1-A81F-4D6C-A10F-04E1D0AA106F}.AppStore|x86.Build.0 = Debug|Any CPU
		{CDE4CCF1-A81F-4D6C-A10F-04E1D0AA106F}.Debug|Any CPU.ActiveCfg = Debug|Any CPU
		{CDE4CCF1-A81F-4D6C-A10F-04E1D0AA106F}.Debug|Any CPU.Build.0 = Debug|Any CPU
		{CDE4CCF1-A81F-4D6C-A10F-04E1D0AA106F}.Debug|ARM.ActiveCfg = Debug|Any CPU
		{CDE4CCF1-A81F-4D6C-A10F-04E1D0AA106F}.Debug|ARM.Build.0 = Debug|Any CPU
		{CDE4CCF1-A81F-4D6C-A10F-04E1D0AA106F}.Debug|iPhone.ActiveCfg = Debug|Any CPU
		{CDE4CCF1-A81F-4D6C-A10F-04E1D0AA106F}.Debug|iPhone.Build.0 = Debug|Any CPU
		{CDE4CCF1-A81F-4D6C-A10F-04E1D0AA106F}.Debug|iPhoneSimulator.ActiveCfg = Debug|Any CPU
		{CDE4CCF1-A81F-4D6C-A10F-04E1D0AA106F}.Debug|iPhoneSimulator.Build.0 = Debug|Any CPU
		{CDE4CCF1-A81F-4D6C-A10F-04E1D0AA106F}.Debug|x64.ActiveCfg = Debug|Any CPU
		{CDE4CCF1-A81F-4D6C-A10F-04E1D0AA106F}.Debug|x64.Build.0 = Debug|Any CPU
		{CDE4CCF1-A81F-4D6C-A10F-04E1D0AA106F}.Debug|x86.ActiveCfg = Debug|Any CPU
		{CDE4CCF1-A81F-4D6C-A10F-04E1D0AA106F}.Debug|x86.Build.0 = Debug|Any CPU
		{CDE4CCF1-A81F-4D6C-A10F-04E1D0AA106F}.Release|Any CPU.ActiveCfg = Release|Any CPU
		{CDE4CCF1-A81F-4D6C-A10F-04E1D0AA106F}.Release|Any CPU.Build.0 = Release|Any CPU
		{CDE4CCF1-A81F-4D6C-A10F-04E1D0AA106F}.Release|ARM.ActiveCfg = Release|Any CPU
		{CDE4CCF1-A81F-4D6C-A10F-04E1D0AA106F}.Release|ARM.Build.0 = Release|Any CPU
		{CDE4CCF1-A81F-4D6C-A10F-04E1D0AA106F}.Release|iPhone.ActiveCfg = Release|Any CPU
		{CDE4CCF1-A81F-4D6C-A10F-04E1D0AA106F}.Release|iPhone.Build.0 = Release|Any CPU
		{CDE4CCF1-A81F-4D6C-A10F-04E1D0AA106F}.Release|iPhoneSimulator.ActiveCfg = Release|Any CPU
		{CDE4CCF1-A81F-4D6C-A10F-04E1D0AA106F}.Release|iPhoneSimulator.Build.0 = Release|Any CPU
		{CDE4CCF1-A81F-4D6C-A10F-04E1D0AA106F}.Release|x64.ActiveCfg = Release|Any CPU
		{CDE4CCF1-A81F-4D6C-A10F-04E1D0AA106F}.Release|x64.Build.0 = Release|Any CPU
		{CDE4CCF1-A81F-4D6C-A10F-04E1D0AA106F}.Release|x86.ActiveCfg = Release|Any CPU
		{CDE4CCF1-A81F-4D6C-A10F-04E1D0AA106F}.Release|x86.Build.0 = Release|Any CPU
		{3E50DC06-EE8B-4857-9ECE-AE6FCB7C16CE}.Ad-Hoc|Any CPU.ActiveCfg = Release|x86
		{3E50DC06-EE8B-4857-9ECE-AE6FCB7C16CE}.Ad-Hoc|Any CPU.Build.0 = Release|x86
		{3E50DC06-EE8B-4857-9ECE-AE6FCB7C16CE}.Ad-Hoc|Any CPU.Deploy.0 = Release|x86
		{3E50DC06-EE8B-4857-9ECE-AE6FCB7C16CE}.Ad-Hoc|ARM.ActiveCfg = Release|ARM
		{3E50DC06-EE8B-4857-9ECE-AE6FCB7C16CE}.Ad-Hoc|ARM.Build.0 = Release|ARM
		{3E50DC06-EE8B-4857-9ECE-AE6FCB7C16CE}.Ad-Hoc|ARM.Deploy.0 = Release|ARM
		{3E50DC06-EE8B-4857-9ECE-AE6FCB7C16CE}.Ad-Hoc|iPhone.ActiveCfg = Release|x86
		{3E50DC06-EE8B-4857-9ECE-AE6FCB7C16CE}.Ad-Hoc|iPhone.Build.0 = Release|x86
		{3E50DC06-EE8B-4857-9ECE-AE6FCB7C16CE}.Ad-Hoc|iPhone.Deploy.0 = Release|x86
		{3E50DC06-EE8B-4857-9ECE-AE6FCB7C16CE}.Ad-Hoc|iPhoneSimulator.ActiveCfg = Release|x86
		{3E50DC06-EE8B-4857-9ECE-AE6FCB7C16CE}.Ad-Hoc|iPhoneSimulator.Build.0 = Release|x86
		{3E50DC06-EE8B-4857-9ECE-AE6FCB7C16CE}.Ad-Hoc|iPhoneSimulator.Deploy.0 = Release|x86
		{3E50DC06-EE8B-4857-9ECE-AE6FCB7C16CE}.Ad-Hoc|x64.ActiveCfg = Release|x64
		{3E50DC06-EE8B-4857-9ECE-AE6FCB7C16CE}.Ad-Hoc|x64.Build.0 = Release|x64
		{3E50DC06-EE8B-4857-9ECE-AE6FCB7C16CE}.Ad-Hoc|x64.Deploy.0 = Release|x64
		{3E50DC06-EE8B-4857-9ECE-AE6FCB7C16CE}.Ad-Hoc|x86.ActiveCfg = Release|x86
		{3E50DC06-EE8B-4857-9ECE-AE6FCB7C16CE}.Ad-Hoc|x86.Build.0 = Release|x86
		{3E50DC06-EE8B-4857-9ECE-AE6FCB7C16CE}.Ad-Hoc|x86.Deploy.0 = Release|x86
		{3E50DC06-EE8B-4857-9ECE-AE6FCB7C16CE}.AppStore|Any CPU.ActiveCfg = Release|x86
		{3E50DC06-EE8B-4857-9ECE-AE6FCB7C16CE}.AppStore|Any CPU.Build.0 = Release|x86
		{3E50DC06-EE8B-4857-9ECE-AE6FCB7C16CE}.AppStore|Any CPU.Deploy.0 = Release|x86
		{3E50DC06-EE8B-4857-9ECE-AE6FCB7C16CE}.AppStore|ARM.ActiveCfg = Release|ARM
		{3E50DC06-EE8B-4857-9ECE-AE6FCB7C16CE}.AppStore|ARM.Build.0 = Release|ARM
		{3E50DC06-EE8B-4857-9ECE-AE6FCB7C16CE}.AppStore|ARM.Deploy.0 = Release|ARM
		{3E50DC06-EE8B-4857-9ECE-AE6FCB7C16CE}.AppStore|iPhone.ActiveCfg = Release|x86
		{3E50DC06-EE8B-4857-9ECE-AE6FCB7C16CE}.AppStore|iPhone.Build.0 = Release|x86
		{3E50DC06-EE8B-4857-9ECE-AE6FCB7C16CE}.AppStore|iPhone.Deploy.0 = Release|x86
		{3E50DC06-EE8B-4857-9ECE-AE6FCB7C16CE}.AppStore|iPhoneSimulator.ActiveCfg = Release|x86
		{3E50DC06-EE8B-4857-9ECE-AE6FCB7C16CE}.AppStore|iPhoneSimulator.Build.0 = Release|x86
		{3E50DC06-EE8B-4857-9ECE-AE6FCB7C16CE}.AppStore|iPhoneSimulator.Deploy.0 = Release|x86
		{3E50DC06-EE8B-4857-9ECE-AE6FCB7C16CE}.AppStore|x64.ActiveCfg = Release|x64
		{3E50DC06-EE8B-4857-9ECE-AE6FCB7C16CE}.AppStore|x64.Build.0 = Release|x64
		{3E50DC06-EE8B-4857-9ECE-AE6FCB7C16CE}.AppStore|x64.Deploy.0 = Release|x64
		{3E50DC06-EE8B-4857-9ECE-AE6FCB7C16CE}.AppStore|x86.ActiveCfg = Release|x86
		{3E50DC06-EE8B-4857-9ECE-AE6FCB7C16CE}.AppStore|x86.Build.0 = Release|x86
		{3E50DC06-EE8B-4857-9ECE-AE6FCB7C16CE}.AppStore|x86.Deploy.0 = Release|x86
		{3E50DC06-EE8B-4857-9ECE-AE6FCB7C16CE}.Debug|Any CPU.ActiveCfg = Debug|x86
		{3E50DC06-EE8B-4857-9ECE-AE6FCB7C16CE}.Debug|ARM.ActiveCfg = Debug|ARM
		{3E50DC06-EE8B-4857-9ECE-AE6FCB7C16CE}.Debug|ARM.Build.0 = Debug|ARM
		{3E50DC06-EE8B-4857-9ECE-AE6FCB7C16CE}.Debug|ARM.Deploy.0 = Debug|ARM
		{3E50DC06-EE8B-4857-9ECE-AE6FCB7C16CE}.Debug|iPhone.ActiveCfg = Debug|x86
		{3E50DC06-EE8B-4857-9ECE-AE6FCB7C16CE}.Debug|iPhoneSimulator.ActiveCfg = Debug|x86
		{3E50DC06-EE8B-4857-9ECE-AE6FCB7C16CE}.Debug|x64.ActiveCfg = Debug|x64
		{3E50DC06-EE8B-4857-9ECE-AE6FCB7C16CE}.Debug|x64.Build.0 = Debug|x64
		{3E50DC06-EE8B-4857-9ECE-AE6FCB7C16CE}.Debug|x64.Deploy.0 = Debug|x64
		{3E50DC06-EE8B-4857-9ECE-AE6FCB7C16CE}.Debug|x86.ActiveCfg = Debug|x86
		{3E50DC06-EE8B-4857-9ECE-AE6FCB7C16CE}.Debug|x86.Build.0 = Debug|x86
		{3E50DC06-EE8B-4857-9ECE-AE6FCB7C16CE}.Debug|x86.Deploy.0 = Debug|x86
		{3E50DC06-EE8B-4857-9ECE-AE6FCB7C16CE}.Release|Any CPU.ActiveCfg = Release|x86
		{3E50DC06-EE8B-4857-9ECE-AE6FCB7C16CE}.Release|ARM.ActiveCfg = Release|ARM
		{3E50DC06-EE8B-4857-9ECE-AE6FCB7C16CE}.Release|ARM.Build.0 = Release|ARM
		{3E50DC06-EE8B-4857-9ECE-AE6FCB7C16CE}.Release|ARM.Deploy.0 = Release|ARM
		{3E50DC06-EE8B-4857-9ECE-AE6FCB7C16CE}.Release|iPhone.ActiveCfg = Release|x86
		{3E50DC06-EE8B-4857-9ECE-AE6FCB7C16CE}.Release|iPhoneSimulator.ActiveCfg = Release|x86
		{3E50DC06-EE8B-4857-9ECE-AE6FCB7C16CE}.Release|x64.ActiveCfg = Release|x64
		{3E50DC06-EE8B-4857-9ECE-AE6FCB7C16CE}.Release|x64.Build.0 = Release|x64
		{3E50DC06-EE8B-4857-9ECE-AE6FCB7C16CE}.Release|x64.Deploy.0 = Release|x64
		{3E50DC06-EE8B-4857-9ECE-AE6FCB7C16CE}.Release|x86.ActiveCfg = Release|x86
		{3E50DC06-EE8B-4857-9ECE-AE6FCB7C16CE}.Release|x86.Build.0 = Release|x86
		{3E50DC06-EE8B-4857-9ECE-AE6FCB7C16CE}.Release|x86.Deploy.0 = Release|x86
		{A5B53322-3475-4776-8502-AE9B695319AE}.Ad-Hoc|Any CPU.ActiveCfg = Ad-Hoc|iPhone
		{A5B53322-3475-4776-8502-AE9B695319AE}.Ad-Hoc|ARM.ActiveCfg = Ad-Hoc|iPhone
		{A5B53322-3475-4776-8502-AE9B695319AE}.Ad-Hoc|iPhone.ActiveCfg = Ad-Hoc|iPhone
		{A5B53322-3475-4776-8502-AE9B695319AE}.Ad-Hoc|iPhone.Build.0 = Ad-Hoc|iPhone
		{A5B53322-3475-4776-8502-AE9B695319AE}.Ad-Hoc|iPhoneSimulator.ActiveCfg = Ad-Hoc|iPhoneSimulator
		{A5B53322-3475-4776-8502-AE9B695319AE}.Ad-Hoc|iPhoneSimulator.Build.0 = Ad-Hoc|iPhoneSimulator
		{A5B53322-3475-4776-8502-AE9B695319AE}.Ad-Hoc|x64.ActiveCfg = Ad-Hoc|iPhone
		{A5B53322-3475-4776-8502-AE9B695319AE}.Ad-Hoc|x86.ActiveCfg = Ad-Hoc|iPhone
		{A5B53322-3475-4776-8502-AE9B695319AE}.AppStore|Any CPU.ActiveCfg = AppStore|iPhone
		{A5B53322-3475-4776-8502-AE9B695319AE}.AppStore|ARM.ActiveCfg = AppStore|iPhone
		{A5B53322-3475-4776-8502-AE9B695319AE}.AppStore|iPhone.ActiveCfg = AppStore|iPhone
		{A5B53322-3475-4776-8502-AE9B695319AE}.AppStore|iPhone.Build.0 = AppStore|iPhone
		{A5B53322-3475-4776-8502-AE9B695319AE}.AppStore|iPhoneSimulator.ActiveCfg = AppStore|iPhoneSimulator
		{A5B53322-3475-4776-8502-AE9B695319AE}.AppStore|iPhoneSimulator.Build.0 = AppStore|iPhoneSimulator
		{A5B53322-3475-4776-8502-AE9B695319AE}.AppStore|x64.ActiveCfg = AppStore|iPhone
		{A5B53322-3475-4776-8502-AE9B695319AE}.AppStore|x86.ActiveCfg = AppStore|iPhone
		{A5B53322-3475-4776-8502-AE9B695319AE}.Debug|Any CPU.ActiveCfg = Debug|iPhone
		{A5B53322-3475-4776-8502-AE9B695319AE}.Debug|ARM.ActiveCfg = Debug|iPhone
		{A5B53322-3475-4776-8502-AE9B695319AE}.Debug|iPhone.ActiveCfg = Debug|iPhone
		{A5B53322-3475-4776-8502-AE9B695319AE}.Debug|iPhone.Build.0 = Debug|iPhone
		{A5B53322-3475-4776-8502-AE9B695319AE}.Debug|iPhoneSimulator.ActiveCfg = Debug|iPhoneSimulator
		{A5B53322-3475-4776-8502-AE9B695319AE}.Debug|iPhoneSimulator.Build.0 = Debug|iPhoneSimulator
		{A5B53322-3475-4776-8502-AE9B695319AE}.Debug|x64.ActiveCfg = Debug|iPhone
		{A5B53322-3475-4776-8502-AE9B695319AE}.Debug|x86.ActiveCfg = Debug|iPhone
		{A5B53322-3475-4776-8502-AE9B695319AE}.Release|Any CPU.ActiveCfg = Release|iPhone
		{A5B53322-3475-4776-8502-AE9B695319AE}.Release|ARM.ActiveCfg = Release|iPhone
		{A5B53322-3475-4776-8502-AE9B695319AE}.Release|iPhone.ActiveCfg = Release|iPhone
		{A5B53322-3475-4776-8502-AE9B695319AE}.Release|iPhone.Build.0 = Release|iPhone
		{A5B53322-3475-4776-8502-AE9B695319AE}.Release|iPhoneSimulator.ActiveCfg = Release|iPhoneSimulator
		{A5B53322-3475-4776-8502-AE9B695319AE}.Release|iPhoneSimulator.Build.0 = Release|iPhoneSimulator
		{A5B53322-3475-4776-8502-AE9B695319AE}.Release|x64.ActiveCfg = Release|iPhone
		{A5B53322-3475-4776-8502-AE9B695319AE}.Release|x86.ActiveCfg = Release|iPhone
		{8A148742-7E2B-47B0-82A4-5FED858C254B}.Ad-Hoc|Any CPU.ActiveCfg = Release|Any CPU
		{8A148742-7E2B-47B0-82A4-5FED858C254B}.Ad-Hoc|Any CPU.Build.0 = Release|Any CPU
		{8A148742-7E2B-47B0-82A4-5FED858C254B}.Ad-Hoc|Any CPU.Deploy.0 = Release|Any CPU
		{8A148742-7E2B-47B0-82A4-5FED858C254B}.Ad-Hoc|ARM.ActiveCfg = Release|Any CPU
		{8A148742-7E2B-47B0-82A4-5FED858C254B}.Ad-Hoc|ARM.Build.0 = Release|Any CPU
		{8A148742-7E2B-47B0-82A4-5FED858C254B}.Ad-Hoc|ARM.Deploy.0 = Release|Any CPU
		{8A148742-7E2B-47B0-82A4-5FED858C254B}.Ad-Hoc|iPhone.ActiveCfg = Release|Any CPU
		{8A148742-7E2B-47B0-82A4-5FED858C254B}.Ad-Hoc|iPhone.Build.0 = Release|Any CPU
		{8A148742-7E2B-47B0-82A4-5FED858C254B}.Ad-Hoc|iPhone.Deploy.0 = Release|Any CPU
		{8A148742-7E2B-47B0-82A4-5FED858C254B}.Ad-Hoc|iPhoneSimulator.ActiveCfg = Release|Any CPU
		{8A148742-7E2B-47B0-82A4-5FED858C254B}.Ad-Hoc|iPhoneSimulator.Build.0 = Release|Any CPU
		{8A148742-7E2B-47B0-82A4-5FED858C254B}.Ad-Hoc|iPhoneSimulator.Deploy.0 = Release|Any CPU
		{8A148742-7E2B-47B0-82A4-5FED858C254B}.Ad-Hoc|x64.ActiveCfg = Release|Any CPU
		{8A148742-7E2B-47B0-82A4-5FED858C254B}.Ad-Hoc|x64.Build.0 = Release|Any CPU
		{8A148742-7E2B-47B0-82A4-5FED858C254B}.Ad-Hoc|x64.Deploy.0 = Release|Any CPU
		{8A148742-7E2B-47B0-82A4-5FED858C254B}.Ad-Hoc|x86.ActiveCfg = Release|Any CPU
		{8A148742-7E2B-47B0-82A4-5FED858C254B}.Ad-Hoc|x86.Build.0 = Release|Any CPU
		{8A148742-7E2B-47B0-82A4-5FED858C254B}.Ad-Hoc|x86.Deploy.0 = Release|Any CPU
		{8A148742-7E2B-47B0-82A4-5FED858C254B}.AppStore|Any CPU.ActiveCfg = Release|Any CPU
		{8A148742-7E2B-47B0-82A4-5FED858C254B}.AppStore|Any CPU.Build.0 = Release|Any CPU
		{8A148742-7E2B-47B0-82A4-5FED858C254B}.AppStore|Any CPU.Deploy.0 = Release|Any CPU
		{8A148742-7E2B-47B0-82A4-5FED858C254B}.AppStore|ARM.ActiveCfg = Release|Any CPU
		{8A148742-7E2B-47B0-82A4-5FED858C254B}.AppStore|ARM.Build.0 = Release|Any CPU
		{8A148742-7E2B-47B0-82A4-5FED858C254B}.AppStore|ARM.Deploy.0 = Release|Any CPU
		{8A148742-7E2B-47B0-82A4-5FED858C254B}.AppStore|iPhone.ActiveCfg = Release|Any CPU
		{8A148742-7E2B-47B0-82A4-5FED858C254B}.AppStore|iPhone.Build.0 = Release|Any CPU
		{8A148742-7E2B-47B0-82A4-5FED858C254B}.AppStore|iPhone.Deploy.0 = Release|Any CPU
		{8A148742-7E2B-47B0-82A4-5FED858C254B}.AppStore|iPhoneSimulator.ActiveCfg = Release|Any CPU
		{8A148742-7E2B-47B0-82A4-5FED858C254B}.AppStore|iPhoneSimulator.Build.0 = Release|Any CPU
		{8A148742-7E2B-47B0-82A4-5FED858C254B}.AppStore|iPhoneSimulator.Deploy.0 = Release|Any CPU
		{8A148742-7E2B-47B0-82A4-5FED858C254B}.AppStore|x64.ActiveCfg = Release|Any CPU
		{8A148742-7E2B-47B0-82A4-5FED858C254B}.AppStore|x64.Build.0 = Release|Any CPU
		{8A148742-7E2B-47B0-82A4-5FED858C254B}.AppStore|x64.Deploy.0 = Release|Any CPU
		{8A148742-7E2B-47B0-82A4-5FED858C254B}.AppStore|x86.ActiveCfg = Release|Any CPU
		{8A148742-7E2B-47B0-82A4-5FED858C254B}.AppStore|x86.Build.0 = Release|Any CPU
		{8A148742-7E2B-47B0-82A4-5FED858C254B}.AppStore|x86.Deploy.0 = Release|Any CPU
		{8A148742-7E2B-47B0-82A4-5FED858C254B}.Debug|Any CPU.ActiveCfg = Debug|Any CPU
		{8A148742-7E2B-47B0-82A4-5FED858C254B}.Debug|Any CPU.Build.0 = Debug|Any CPU
		{8A148742-7E2B-47B0-82A4-5FED858C254B}.Debug|Any CPU.Deploy.0 = Debug|Any CPU
		{8A148742-7E2B-47B0-82A4-5FED858C254B}.Debug|ARM.ActiveCfg = Debug|Any CPU
		{8A148742-7E2B-47B0-82A4-5FED858C254B}.Debug|ARM.Build.0 = Debug|Any CPU
		{8A148742-7E2B-47B0-82A4-5FED858C254B}.Debug|ARM.Deploy.0 = Debug|Any CPU
		{8A148742-7E2B-47B0-82A4-5FED858C254B}.Debug|iPhone.ActiveCfg = Debug|Any CPU
		{8A148742-7E2B-47B0-82A4-5FED858C254B}.Debug|iPhone.Build.0 = Debug|Any CPU
		{8A148742-7E2B-47B0-82A4-5FED858C254B}.Debug|iPhone.Deploy.0 = Debug|Any CPU
		{8A148742-7E2B-47B0-82A4-5FED858C254B}.Debug|iPhoneSimulator.ActiveCfg = Debug|Any CPU
		{8A148742-7E2B-47B0-82A4-5FED858C254B}.Debug|iPhoneSimulator.Build.0 = Debug|Any CPU
		{8A148742-7E2B-47B0-82A4-5FED858C254B}.Debug|iPhoneSimulator.Deploy.0 = Debug|Any CPU
		{8A148742-7E2B-47B0-82A4-5FED858C254B}.Debug|x64.ActiveCfg = Debug|Any CPU
		{8A148742-7E2B-47B0-82A4-5FED858C254B}.Debug|x64.Build.0 = Debug|Any CPU
		{8A148742-7E2B-47B0-82A4-5FED858C254B}.Debug|x64.Deploy.0 = Debug|Any CPU
		{8A148742-7E2B-47B0-82A4-5FED858C254B}.Debug|x86.ActiveCfg = Debug|Any CPU
		{8A148742-7E2B-47B0-82A4-5FED858C254B}.Debug|x86.Build.0 = Debug|Any CPU
		{8A148742-7E2B-47B0-82A4-5FED858C254B}.Debug|x86.Deploy.0 = Debug|Any CPU
		{8A148742-7E2B-47B0-82A4-5FED858C254B}.Release|Any CPU.ActiveCfg = Release|Any CPU
		{8A148742-7E2B-47B0-82A4-5FED858C254B}.Release|Any CPU.Build.0 = Release|Any CPU
		{8A148742-7E2B-47B0-82A4-5FED858C254B}.Release|Any CPU.Deploy.0 = Release|Any CPU
		{8A148742-7E2B-47B0-82A4-5FED858C254B}.Release|ARM.ActiveCfg = Release|Any CPU
		{8A148742-7E2B-47B0-82A4-5FED858C254B}.Release|ARM.Build.0 = Release|Any CPU
		{8A148742-7E2B-47B0-82A4-5FED858C254B}.Release|ARM.Deploy.0 = Release|Any CPU
		{8A148742-7E2B-47B0-82A4-5FED858C254B}.Release|iPhone.ActiveCfg = Release|Any CPU
		{8A148742-7E2B-47B0-82A4-5FED858C254B}.Release|iPhone.Build.0 = Release|Any CPU
		{8A148742-7E2B-47B0-82A4-5FED858C254B}.Release|iPhone.Deploy.0 = Release|Any CPU
		{8A148742-7E2B-47B0-82A4-5FED858C254B}.Release|iPhoneSimulator.ActiveCfg = Release|Any CPU
		{8A148742-7E2B-47B0-82A4-5FED858C254B}.Release|iPhoneSimulator.Build.0 = Release|Any CPU
		{8A148742-7E2B-47B0-82A4-5FED858C254B}.Release|iPhoneSimulator.Deploy.0 = Release|Any CPU
		{8A148742-7E2B-47B0-82A4-5FED858C254B}.Release|x64.ActiveCfg = Release|Any CPU
		{8A148742-7E2B-47B0-82A4-5FED858C254B}.Release|x64.Build.0 = Release|Any CPU
		{8A148742-7E2B-47B0-82A4-5FED858C254B}.Release|x64.Deploy.0 = Release|Any CPU
		{8A148742-7E2B-47B0-82A4-5FED858C254B}.Release|x86.ActiveCfg = Release|Any CPU
		{8A148742-7E2B-47B0-82A4-5FED858C254B}.Release|x86.Build.0 = Release|Any CPU
		{8A148742-7E2B-47B0-82A4-5FED858C254B}.Release|x86.Deploy.0 = Release|Any CPU
		{9488E271-FF41-4039-96A7-4BC86E5B53B4}.Ad-Hoc|Any CPU.ActiveCfg = Debug|Any CPU
		{9488E271-FF41-4039-96A7-4BC86E5B53B4}.Ad-Hoc|Any CPU.Build.0 = Debug|Any CPU
		{9488E271-FF41-4039-96A7-4BC86E5B53B4}.Ad-Hoc|ARM.ActiveCfg = Debug|Any CPU
		{9488E271-FF41-4039-96A7-4BC86E5B53B4}.Ad-Hoc|ARM.Build.0 = Debug|Any CPU
		{9488E271-FF41-4039-96A7-4BC86E5B53B4}.Ad-Hoc|iPhone.ActiveCfg = Debug|Any CPU
		{9488E271-FF41-4039-96A7-4BC86E5B53B4}.Ad-Hoc|iPhone.Build.0 = Debug|Any CPU
		{9488E271-FF41-4039-96A7-4BC86E5B53B4}.Ad-Hoc|iPhoneSimulator.ActiveCfg = Debug|Any CPU
		{9488E271-FF41-4039-96A7-4BC86E5B53B4}.Ad-Hoc|iPhoneSimulator.Build.0 = Debug|Any CPU
		{9488E271-FF41-4039-96A7-4BC86E5B53B4}.Ad-Hoc|x64.ActiveCfg = Debug|Any CPU
		{9488E271-FF41-4039-96A7-4BC86E5B53B4}.Ad-Hoc|x64.Build.0 = Debug|Any CPU
		{9488E271-FF41-4039-96A7-4BC86E5B53B4}.Ad-Hoc|x86.ActiveCfg = Debug|Any CPU
		{9488E271-FF41-4039-96A7-4BC86E5B53B4}.Ad-Hoc|x86.Build.0 = Debug|Any CPU
		{9488E271-FF41-4039-96A7-4BC86E5B53B4}.AppStore|Any CPU.ActiveCfg = Debug|Any CPU
		{9488E271-FF41-4039-96A7-4BC86E5B53B4}.AppStore|Any CPU.Build.0 = Debug|Any CPU
		{9488E271-FF41-4039-96A7-4BC86E5B53B4}.AppStore|ARM.ActiveCfg = Debug|Any CPU
		{9488E271-FF41-4039-96A7-4BC86E5B53B4}.AppStore|ARM.Build.0 = Debug|Any CPU
		{9488E271-FF41-4039-96A7-4BC86E5B53B4}.AppStore|iPhone.ActiveCfg = Debug|Any CPU
		{9488E271-FF41-4039-96A7-4BC86E5B53B4}.AppStore|iPhone.Build.0 = Debug|Any CPU
		{9488E271-FF41-4039-96A7-4BC86E5B53B4}.AppStore|iPhoneSimulator.ActiveCfg = Debug|Any CPU
		{9488E271-FF41-4039-96A7-4BC86E5B53B4}.AppStore|iPhoneSimulator.Build.0 = Debug|Any CPU
		{9488E271-FF41-4039-96A7-4BC86E5B53B4}.AppStore|x64.ActiveCfg = Debug|Any CPU
		{9488E271-FF41-4039-96A7-4BC86E5B53B4}.AppStore|x64.Build.0 = Debug|Any CPU
		{9488E271-FF41-4039-96A7-4BC86E5B53B4}.AppStore|x86.ActiveCfg = Debug|Any CPU
		{9488E271-FF41-4039-96A7-4BC86E5B53B4}.AppStore|x86.Build.0 = Debug|Any CPU
		{9488E271-FF41-4039-96A7-4BC86E5B53B4}.Debug|Any CPU.ActiveCfg = Debug|Any CPU
		{9488E271-FF41-4039-96A7-4BC86E5B53B4}.Debug|Any CPU.Build.0 = Debug|Any CPU
		{9488E271-FF41-4039-96A7-4BC86E5B53B4}.Debug|ARM.ActiveCfg = Debug|Any CPU
		{9488E271-FF41-4039-96A7-4BC86E5B53B4}.Debug|ARM.Build.0 = Debug|Any CPU
		{9488E271-FF41-4039-96A7-4BC86E5B53B4}.Debug|iPhone.ActiveCfg = Debug|Any CPU
		{9488E271-FF41-4039-96A7-4BC86E5B53B4}.Debug|iPhone.Build.0 = Debug|Any CPU
		{9488E271-FF41-4039-96A7-4BC86E5B53B4}.Debug|iPhoneSimulator.ActiveCfg = Debug|Any CPU
		{9488E271-FF41-4039-96A7-4BC86E5B53B4}.Debug|iPhoneSimulator.Build.0 = Debug|Any CPU
		{9488E271-FF41-4039-96A7-4BC86E5B53B4}.Debug|x64.ActiveCfg = Debug|Any CPU
		{9488E271-FF41-4039-96A7-4BC86E5B53B4}.Debug|x64.Build.0 = Debug|Any CPU
		{9488E271-FF41-4039-96A7-4BC86E5B53B4}.Debug|x86.ActiveCfg = Debug|Any CPU
		{9488E271-FF41-4039-96A7-4BC86E5B53B4}.Debug|x86.Build.0 = Debug|Any CPU
		{9488E271-FF41-4039-96A7-4BC86E5B53B4}.Release|Any CPU.ActiveCfg = Release|Any CPU
		{9488E271-FF41-4039-96A7-4BC86E5B53B4}.Release|Any CPU.Build.0 = Release|Any CPU
		{9488E271-FF41-4039-96A7-4BC86E5B53B4}.Release|ARM.ActiveCfg = Release|Any CPU
		{9488E271-FF41-4039-96A7-4BC86E5B53B4}.Release|ARM.Build.0 = Release|Any CPU
		{9488E271-FF41-4039-96A7-4BC86E5B53B4}.Release|iPhone.ActiveCfg = Release|Any CPU
		{9488E271-FF41-4039-96A7-4BC86E5B53B4}.Release|iPhone.Build.0 = Release|Any CPU
		{9488E271-FF41-4039-96A7-4BC86E5B53B4}.Release|iPhoneSimulator.ActiveCfg = Release|Any CPU
		{9488E271-FF41-4039-96A7-4BC86E5B53B4}.Release|iPhoneSimulator.Build.0 = Release|Any CPU
		{9488E271-FF41-4039-96A7-4BC86E5B53B4}.Release|x64.ActiveCfg = Release|Any CPU
		{9488E271-FF41-4039-96A7-4BC86E5B53B4}.Release|x64.Build.0 = Release|Any CPU
		{9488E271-FF41-4039-96A7-4BC86E5B53B4}.Release|x86.ActiveCfg = Release|Any CPU
		{9488E271-FF41-4039-96A7-4BC86E5B53B4}.Release|x86.Build.0 = Release|Any CPU
	EndGlobalSection
	GlobalSection(SolutionProperties) = preSolution
		HideSolutionNode = FALSE
	EndGlobalSection
	GlobalSection(ExtensibilityGlobals) = postSolution
		SolutionGuid = {623F2F29-FAC6-42E8-89F6-EACBB6BAB253}
	EndGlobalSection
EndGlobal
